{
  "nodes": {
    "home-manager": {
      "inputs": {
        "nixpkgs": [
          "nixpkgs"
        ]
      },
      "locked": {
        "lastModified": 1644346464,
        "narHash": "sha256-hS8hwbr/PflMIfTWTmB7Xo5jIrsWhSAqtz5XXxPa0zQ=",
        "owner": "nix-community",
        "repo": "home-manager",
        "rev": "e2aa1f598674aa9c06f28f5db60b89f37f1e961b",
        "type": "github"
      },
      "original": {
        "owner": "nix-community",
        "repo": "home-manager",
        "type": "github"
      }
    },
    "nixpkgs": {
      "locked": {
        "lastModified": 1644151317,
        "narHash": "sha256-TpXGBYCFKvEN7Q+To45rn4kqTbLPY4f56rF6ymUGGRE=",
        "owner": "nixos",
        "repo": "nixpkgs",
        "rev": "942b0817e898262cc6e3f0a5f706ce09d8f749f1",
        "type": "github"
      },
      "original": {
        "owner": "nixos",
        "ref": "nixpkgs-unstable",
        "repo": "nixpkgs",
        "type": "github"
      }
    },
    "root": {
      "inputs": {
        "home-manager": "home-manager",
        "nixpkgs": "nixpkgs"
      }
    }
  },
  "root": "root",
  "version": 7
}
